
Microsoft Visual Studio Solution File, Format Version 12.00
# Visual Studio Version 17
VisualStudioVersion = 17.12.35527.113
MinimumVisualStudioVersion = 10.0.40219.1
Project("{FAE04EC0-301F-11D3-BF4B-00C04F79EFBC}") = "UniversalItemManagement.Server", "UniversalItemManagement.Server\UniversalItemManagement.Server.csproj", "{622C4749-028C-4B1F-A820-D87532C5DDD7}"
	ProjectSection(ProjectDependencies) = postProject
		{185F93DC-7C6E-4EF7-9E0E-5883CDD77F7B} = {185F93DC-7C6E-4EF7-9E0E-5883CDD77F7B}
	EndProjectSection
EndProject
Project("{54A90642-561A-4BB1-A94E-469ADEE60C69}") = "Universalitemmanagement.client", "universalitemmanagement.client\Universalitemmanagement.client.esproj", "{B8B51963-DA8C-4707-B5BA-D1E2B0675E16}"
EndProject
Project("{FAE04EC0-301F-11D3-BF4B-00C04F79EFBC}") = "UniversalItemManagement.EF", "UniversalItemManagement.EF\UniversalItemManagement.EF.csproj", "{185F93DC-7C6E-4EF7-9E0E-5883CDD77F7B}"
EndProject
Global
	GlobalSection(SolutionConfigurationPlatforms) = preSolution
		Debug|Any CPU = Debug|Any CPU
		Release|Any CPU = Release|Any CPU
	EndGlobalSection
	GlobalSection(ProjectConfigurationPlatforms) = postSolution
		{622C4749-028C-4B1F-A820-D87532C5DDD7}.Debug|Any CPU.ActiveCfg = Debug|Any CPU
		{622C4749-028C-4B1F-A820-D87532C5DDD7}.Debug|Any CPU.Build.0 = Debug|Any CPU
		{622C4749-028C-4B1F-A820-D87532C5DDD7}.Release|Any CPU.ActiveCfg = Release|Any CPU
		{622C4749-028C-4B1F-A820-D87532C5DDD7}.Release|Any CPU.Build.0 = Release|Any CPU
		{B8B51963-DA8C-4707-B5BA-D1E2B0675E16}.Debug|Any CPU.ActiveCfg = Debug|Any CPU
		{B8B51963-DA8C-4707-B5BA-D1E2B0675E16}.Debug|Any CPU.Build.0 = Debug|Any CPU
		{B8B51963-DA8C-4707-B5BA-D1E2B0675E16}.Debug|Any CPU.Deploy.0 = Debug|Any CPU
		{B8B51963-DA8C-4707-B5BA-D1E2B0675E16}.Release|Any CPU.ActiveCfg = Release|Any CPU
		{B8B51963-DA8C-4707-B5BA-D1E2B0675E16}.Release|Any CPU.Build.0 = Release|Any CPU
		{B8B51963-DA8C-4707-B5BA-D1E2B0675E16}.Release|Any CPU.Deploy.0 = Release|Any CPU
		{185F93DC-7C6E-4EF7-9E0E-5883CDD77F7B}.Debug|Any CPU.ActiveCfg = Debug|Any CPU
		{185F93DC-7C6E-4EF7-9E0E-5883CDD77F7B}.Debug|Any CPU.Build.0 = Debug|Any CPU
		{185F93DC-7C6E-4EF7-9E0E-5883CDD77F7B}.Release|Any CPU.ActiveCfg = Release|Any CPU
		{185F93DC-7C6E-4EF7-9E0E-5883CDD77F7B}.Release|Any CPU.Build.0 = Release|Any CPU
	EndGlobalSection
	GlobalSection(SolutionProperties) = preSolution
		HideSolutionNode = FALSE
	EndGlobalSection
EndGlobal
